// !$*UTF8*$!
{
	archiveVersion = 1;
	classes = {
	};
	objectVersion = 46;
	objects = {

/* Begin PBXBuildFile section */
		C6504C3C1C5DBF64008938A1 /* AppDelegate.swift in Sources */ = {isa = PBXBuildFile; fileRef = C6504C3B1C5DBF64008938A1 /* AppDelegate.swift */; };
		C6504C3E1C5DBF64008938A1 /* ViewController.swift in Sources */ = {isa = PBXBuildFile; fileRef = C6504C3D1C5DBF64008938A1 /* ViewController.swift */; };
		C6504C411C5DBF64008938A1 /* Main.storyboard in Resources */ = {isa = PBXBuildFile; fileRef = C6504C3F1C5DBF64008938A1 /* Main.storyboard */; };
		C6504C431C5DBF64008938A1 /* Assets.xcassets in Resources */ = {isa = PBXBuildFile; fileRef = C6504C421C5DBF64008938A1 /* Assets.xcassets */; };
		C6504C461C5DBF64008938A1 /* LaunchScreen.storyboard in Resources */ = {isa = PBXBuildFile; fileRef = C6504C441C5DBF64008938A1 /* LaunchScreen.storyboard */; };
		C6504C511C5DBF64008938A1 /* WeatherTests.swift in Sources */ = {isa = PBXBuildFile; fileRef = C6504C501C5DBF64008938A1 /* WeatherTests.swift */; };
		C6504C5C1C5DBF64008938A1 /* WeatherUITests.swift in Sources */ = {isa = PBXBuildFile; fileRef = C6504C5B1C5DBF64008938A1 /* WeatherUITests.swift */; };
		C6504C6A1C5E3485008938A1 /* WeatherData.swift in Sources */ = {isa = PBXBuildFile; fileRef = C6504C691C5E3485008938A1 /* WeatherData.swift */; };
/* End PBXBuildFile section */

/* Begin PBXContainerItemProxy section */
		C6504C4D1C5DBF64008938A1 /* PBXContainerItemProxy */ = {
			isa = PBXContainerItemProxy;
			containerPortal = C6504C301C5DBF64008938A1 /* Project object */;
			proxyType = 1;
			remoteGlobalIDString = C6504C371C5DBF64008938A1;
			remoteInfo = Weather;
		};
		C6504C581C5DBF64008938A1 /* PBXContainerItemProxy */ = {
			isa = PBXContainerItemProxy;
			containerPortal = C6504C301C5DBF64008938A1 /* Project object */;
			proxyType = 1;
			remoteGlobalIDString = C6504C371C5DBF64008938A1;
			remoteInfo = Weather;
		};
/* End PBXContainerItemProxy section */

/* Begin PBXFileReference section */
		C6504C381C5DBF64008938A1 /* Weather.app */ = {isa = PBXFileReference; explicitFileType = wrapper.application; includeInIndex = 0; path = Weather.app; sourceTree = BUILT_PRODUCTS_DIR; };
		C6504C3B1C5DBF64008938A1 /* AppDelegate.swift */ = {isa = PBXFileReference; lastKnownFileType = sourcecode.swift; path = AppDelegate.swift; sourceTree = "<group>"; };
		C6504C3D1C5DBF64008938A1 /* ViewController.swift */ = {isa = PBXFileReference; lastKnownFileType = sourcecode.swift; path = ViewController.swift; sourceTree = "<group>"; };
		C6504C401C5DBF64008938A1 /* Base */ = {isa = PBXFileReference; lastKnownFileType = file.storyboard; name = Base; path = Base.lproj/Main.storyboard; sourceTree = "<group>"; };
		C6504C421C5DBF64008938A1 /* Assets.xcassets */ = {isa = PBXFileReference; lastKnownFileType = folder.assetcatalog; path = Assets.xcassets; sourceTree = "<group>"; };
		C6504C451C5DBF64008938A1 /* Base */ = {isa = PBXFileReference; lastKnownFileType = file.storyboard; name = Base; path = Base.lproj/LaunchScreen.storyboard; sourceTree = "<group>"; };
		C6504C471C5DBF64008938A1 /* Info.plist */ = {isa = PBXFileReference; lastKnownFileType = text.plist.xml; path = Info.plist; sourceTree = "<group>"; };
		C6504C4C1C5DBF64008938A1 /* WeatherTests.xctest */ = {isa = PBXFileReference; explicitFileType = wrapper.cfbundle; includeInIndex = 0; path = WeatherTests.xctest; sourceTree = BUILT_PRODUCTS_DIR; };
		C6504C501C5DBF64008938A1 /* WeatherTests.swift */ = {isa = PBXFileReference; lastKnownFileType = sourcecode.swift; path = WeatherTests.swift; sourceTree = "<group>"; };
		C6504C521C5DBF64008938A1 /* Info.plist */ = {isa = PBXFileReference; lastKnownFileType = text.plist.xml; path = Info.plist; sourceTree = "<group>"; };
		C6504C571C5DBF64008938A1 /* WeatherUITests.xctest */ = {isa = PBXFileReference; explicitFileType = wrapper.cfbundle; includeInIndex = 0; path = WeatherUITests.xctest; sourceTree = BUILT_PRODUCTS_DIR; };
		C6504C5B1C5DBF64008938A1 /* WeatherUITests.swift */ = {isa = PBXFileReference; lastKnownFileType = sourcecode.swift; path = WeatherUITests.swift; sourceTree = "<group>"; };
		C6504C5D1C5DBF64008938A1 /* Info.plist */ = {isa = PBXFileReference; lastKnownFileType = text.plist.xml; path = Info.plist; sourceTree = "<group>"; };
		C6504C691C5E3485008938A1 /* WeatherData.swift */ = {isa = PBXFileReference; fileEncoding = 4; lastKnownFileType = sourcecode.swift; path = WeatherData.swift; sourceTree = "<group>"; };
/* End PBXFileReference section */

/* Begin PBXFrameworksBuildPhase section */
		C6504C351C5DBF64008938A1 /* Frameworks */ = {
			isa = PBXFrameworksBuildPhase;
			buildActionMask = 2147483647;
			files = (
			);
			runOnlyForDeploymentPostprocessing = 0;
		};
		C6504C491C5DBF64008938A1 /* Frameworks */ = {
			isa = PBXFrameworksBuildPhase;
			buildActionMask = 2147483647;
			files = (
			);
			runOnlyForDeploymentPostprocessing = 0;
		};
		C6504C541C5DBF64008938A1 /* Frameworks */ = {
			isa = PBXFrameworksBuildPhase;
			buildActionMask = 2147483647;
			files = (
			);
			runOnlyForDeploymentPostprocessing = 0;
		};
/* End PBXFrameworksBuildPhase section */

/* Begin PBXGroup section */
		C6504C2F1C5DBF64008938A1 = {
			isa = PBXGroup;
			children = (
				C6504C3A1C5DBF64008938A1 /* Weather */,
				C6504C4F1C5DBF64008938A1 /* WeatherTests */,
				C6504C5A1C5DBF64008938A1 /* WeatherUITests */,
				C6504C391C5DBF64008938A1 /* Products */,
			);
			sourceTree = "<group>";
		};
		C6504C391C5DBF64008938A1 /* Products */ = {
			isa = PBXGroup;
			children = (
				C6504C381C5DBF64008938A1 /* Weather.app */,
				C6504C4C1C5DBF64008938A1 /* WeatherTests.xctest */,
				C6504C571C5DBF64008938A1 /* WeatherUITests.xctest */,
			);
			name = Products;
			sourceTree = "<group>";
		};
		C6504C3A1C5DBF64008938A1 /* Weather */ = {
			isa = PBXGroup;
			children = (
				C6504C3B1C5DBF64008938A1 /* AppDelegate.swift */,
				C6504C3D1C5DBF64008938A1 /* ViewController.swift */,
				C6504C691C5E3485008938A1 /* WeatherData.swift */,
				C6504C3F1C5DBF64008938A1 /* Main.storyboard */,
				C6504C421C5DBF64008938A1 /* Assets.xcassets */,
				C6504C441C5DBF64008938A1 /* LaunchScreen.storyboard */,
				C6504C471C5DBF64008938A1 /* Info.plist */,
			);
			path = Weather;
			sourceTree = "<group>";
		};
		C6504C4F1C5DBF64008938A1 /* WeatherTests */ = {
			isa = PBXGroup;
			children = (
				C6504C501C5DBF64008938A1 /* WeatherTests.swift */,
				C6504C521C5DBF64008938A1 /* Info.plist */,
			);
			path = WeatherTests;
			sourceTree = "<group>";
		};
		C6504C5A1C5DBF64008938A1 /* WeatherUITests */ = {
			isa = PBXGroup;
			children = (
				C6504C5B1C5DBF64008938A1 /* WeatherUITests.swift */,
				C6504C5D1C5DBF64008938A1 /* Info.plist */,
			);
			path = WeatherUITests;
			sourceTree = "<group>";
		};
/* End PBXGroup section */

/* Begin PBXNativeTarget section */
		C6504C371C5DBF64008938A1 /* Weather */ = {
			isa = PBXNativeTarget;
			buildConfigurationList = C6504C601C5DBF64008938A1 /* Build configuration list for PBXNativeTarget "Weather" */;
			buildPhases = (
				C6504C341C5DBF64008938A1 /* Sources */,
				C6504C351C5DBF64008938A1 /* Frameworks */,
				C6504C361C5DBF64008938A1 /* Resources */,
			);
			buildRules = (
			);
			dependencies = (
			);
			name = Weather;
			productName = Weather;
			productReference = C6504C381C5DBF64008938A1 /* Weather.app */;
			productType = "com.apple.product-type.application";
		};
		C6504C4B1C5DBF64008938A1 /* WeatherTests */ = {
			isa = PBXNativeTarget;
			buildConfigurationList = C6504C631C5DBF64008938A1 /* Build configuration list for PBXNativeTarget "WeatherTests" */;
			buildPhases = (
				C6504C481C5DBF64008938A1 /* Sources */,
				C6504C491C5DBF64008938A1 /* Frameworks */,
				C6504C4A1C5DBF64008938A1 /* Resources */,
			);
			buildRules = (
			);
			dependencies = (
				C6504C4E1C5DBF64008938A1 /* PBXTargetDependency */,
			);
			name = WeatherTests;
			productName = WeatherTests;
			productReference = C6504C4C1C5DBF64008938A1 /* WeatherTests.xctest */;
			productType = "com.apple.product-type.bundle.unit-test";
		};
		C6504C561C5DBF64008938A1 /* WeatherUITests */ = {
			isa = PBXNativeTarget;
			buildConfigurationList = C6504C661C5DBF64008938A1 /* Build configuration list for PBXNativeTarget "WeatherUITests" */;
			buildPhases = (
				C6504C531C5DBF64008938A1 /* Sources */,
				C6504C541C5DBF64008938A1 /* Frameworks */,
				C6504C551C5DBF64008938A1 /* Resources */,
			);
			buildRules = (
			);
			dependencies = (
				C6504C591C5DBF64008938A1 /* PBXTargetDependency */,
			);
			name = WeatherUITests;
			productName = WeatherUITests;
			productReference = C6504C571C5DBF64008938A1 /* WeatherUITests.xctest */;
			productType = "com.apple.product-type.bundle.ui-testing";
		};
/* End PBXNativeTarget section */

/* Begin PBXProject section */
		C6504C301C5DBF64008938A1 /* Project object */ = {
			isa = PBXProject;
			attributes = {
				LastSwiftUpdateCheck = 0720;
				LastUpgradeCheck = 0720;
				ORGANIZATIONNAME = ShenLijia;
				TargetAttributes = {
					C6504C371C5DBF64008938A1 = {
						CreatedOnToolsVersion = 7.2;
						DevelopmentTeam = U24LJ82NMQ;
					};
					C6504C4B1C5DBF64008938A1 = {
						CreatedOnToolsVersion = 7.2;
						DevelopmentTeam = U24LJ82NMQ;
						TestTargetID = C6504C371C5DBF64008938A1;
					};
					C6504C561C5DBF64008938A1 = {
						CreatedOnToolsVersion = 7.2;
						DevelopmentTeam = U24LJ82NMQ;
						TestTargetID = C6504C371C5DBF64008938A1;
					};
				};
			};
			buildConfigurationList = C6504C331C5DBF64008938A1 /* Build configuration list for PBXProject "Weather" */;
			compatibilityVersion = "Xcode 3.2";
			developmentRegion = English;
			hasScannedForEncodings = 0;
			knownRegions = (
				en,
				Base,
			);
			mainGroup = C6504C2F1C5DBF64008938A1;
			productRefGroup = C6504C391C5DBF64008938A1 /* Products */;
			projectDirPath = "";
			projectRoot = "";
			targets = (
				C6504C371C5DBF64008938A1 /* Weather */,
				C6504C4B1C5DBF64008938A1 /* WeatherTests */,
				C6504C561C5DBF64008938A1 /* WeatherUITests */,
			);
		};
/* End PBXProject section */

/* Begin PBXResourcesBuildPhase section */
		C6504C361C5DBF64008938A1 /* Resources */ = {
			isa = PBXResourcesBuildPhase;
			buildActionMask = 2147483647;
			files = (
				C6504C461C5DBF64008938A1 /* LaunchScreen.storyboard in Resources */,
				C6504C431C5DBF64008938A1 /* Assets.xcassets in Resources */,
				C6504C411C5DBF64008938A1 /* Main.storyboard in Resources */,
			);
			runOnlyForDeploymentPostprocessing = 0;
		};
		C6504C4A1C5DBF64008938A1 /* Resources */ = {
			isa = PBXResourcesBuildPhase;
			buildActionMask = 2147483647;
			files = (
			);
			runOnlyForDeploymentPostprocessing = 0;
		};
		C6504C551C5DBF64008938A1 /* Resources */ = {
			isa = PBXResourcesBuildPhase;
			buildActionMask = 2147483647;
			files = (
			);
			runOnlyForDeploymentPostprocessing = 0;
		};
/* End PBXResourcesBuildPhase section */

/* Begin PBXSourcesBuildPhase section */
		C6504C341C5DBF64008938A1 /* Sources */ = {
			isa = PBXSourcesBuildPhase;
			buildActionMask = 2147483647;
			files = (
				C6504C3E1C5DBF64008938A1 /* ViewController.swift in Sources */,
				C6504C6A1C5E3485008938A1 /* WeatherData.swift in Sources */,
				C6504C3C1C5DBF64008938A1 /* AppDelegate.swift in Sources */,
			);
			runOnlyForDeploymentPostprocessing = 0;
		};
		C6504C481C5DBF64008938A1 /* Sources */ = {
			isa = PBXSourcesBuildPhase;
			buildActionMask = 2147483647;
			files = (
				C6504C511C5DBF64008938A1 /* WeatherTests.swift in Sources */,
			);
			runOnlyForDeploymentPostprocessing = 0;
		};
		C6504C531C5DBF64008938A1 /* Sources */ = {
			isa = PBXSourcesBuildPhase;
			buildActionMask = 2147483647;
			files = (
				C6504C5C1C5DBF64008938A1 /* WeatherUITests.swift in Sources */,
			);
			runOnlyForDeploymentPostprocessing = 0;
		};
/* End PBXSourcesBuildPhase section */

/* Begin PBXTargetDependency section */
		C6504C4E1C5DBF64008938A1 /* PBXTargetDependency */ = {
			isa = PBXTargetDependency;
			target = C6504C371C5DBF64008938A1 /* Weather */;
			targetProxy = C6504C4D1C5DBF64008938A1 /* PBXContainerItemProxy */;
		};
		C6504C591C5DBF64008938A1 /* PBXTargetDependency */ = {
			isa = PBXTargetDependency;
			target = C6504C371C5DBF64008938A1 /* Weather */;
			targetProxy = C6504C581C5DBF64008938A1 /* PBXContainerItemProxy */;
		};
/* End PBXTargetDependency section */

/* Begin PBXVariantGroup section */
		C6504C3F1C5DBF64008938A1 /* Main.storyboard */ = {
			isa = PBXVariantGroup;
			children = (
				C6504C401C5DBF64008938A1 /* Base */,
			);
			name = Main.storyboard;
			sourceTree = "<group>";
		};
		C6504C441C5DBF64008938A1 /* LaunchScreen.storyboard */ = {
			isa = PBXVariantGroup;
			children = (
				C6504C451C5DBF64008938A1 /* Base */,
			);
			name = LaunchScreen.storyboard;
			sourceTree = "<group>";
		};
/* End PBXVariantGroup section */

/* Begin XCBuildConfiguration section */
		C6504C5E1C5DBF64008938A1 /* Debug */ = {
			isa = XCBuildConfiguration;
			buildSettings = {
				ALWAYS_SEARCH_USER_PATHS = NO;
				CLANG_CXX_LANGUAGE_STANDARD = "gnu++0x";
				CLANG_CXX_LIBRARY = "libc++";
				CLANG_ENABLE_MODULES = YES;
				CLANG_ENABLE_OBJC_ARC = YES;
				CLANG_WARN_BOOL_CONVERSION = YES;
				CLANG_WARN_CONSTANT_CONVERSION = YES;
				CLANG_WARN_DIRECT_OBJC_ISA_USAGE = YES_ERROR;
				CLANG_WARN_EMPTY_BODY = YES;
				CLANG_WARN_ENUM_CONVERSION = YES;
				CLANG_WARN_INT_CONVERSION = YES;
				CLANG_WARN_OBJC_ROOT_CLASS = YES_ERROR;
				CLANG_WARN_UNREACHABLE_CODE = YES;
				CLANG_WARN__DUPLICATE_METHOD_MATCH = YES;
				"CODE_SIGN_IDENTITY[sdk=iphoneos*]" = "iPhone Developer";
				COPY_PHASE_STRIP = NO;
				DEBUG_INFORMATION_FORMAT = dwarf;
				ENABLE_STRICT_OBJC_MSGSEND = YES;
				ENABLE_TESTABILITY = YES;
				GCC_C_LANGUAGE_STANDARD = gnu99;
				GCC_DYNAMIC_NO_PIC = NO;
				GCC_NO_COMMON_BLOCKS = YES;
				GCC_OPTIMIZATION_LEVEL = 0;
				GCC_PREPROCESSOR_DEFINITIONS = (
					"DEBUG=1",
					"$(inherited)",
				);
				GCC_WARN_64_TO_32_BIT_CONVERSION = YES;
				GCC_WARN_ABOUT_RETURN_TYPE = YES_ERROR;
				GCC_WARN_UNDECLARED_SELECTOR = YES;
				GCC_WARN_UNINITIALIZED_AUTOS = YES_AGGRESSIVE;
				GCC_WARN_UNUSED_FUNCTION = YES;
				GCC_WARN_UNUSED_VARIABLE = YES;
				IPHONEOS_DEPLOYMENT_TARGET = 9.2;
				MTL_ENABLE_DEBUG_INFO = YES;
				ONLY_ACTIVE_ARCH = YES;
				SDKROOT = iphoneos;
				SWIFT_OPTIMIZATION_LEVEL = "-Onone";
				TARGETED_DEVICE_FAMILY = "1,2";
			};
			name = Debug;
		};
		C6504C5F1C5DBF64008938A1 /* Release */ = {
			isa = XCBuildConfiguration;
			buildSettings = {
				ALWAYS_SEARCH_USER_PATHS = NO;
				CLANG_CXX_LANGUAGE_STANDARD = "gnu++0x";
				CLANG_CXX_LIBRARY = "libc++";
				CLANG_ENABLE_MODULES = YES;
				CLANG_ENABLE_OBJC_ARC = YES;
				CLANG_WARN_BOOL_CONVERSION = YES;
				CLANG_WARN_CONSTANT_CONVERSION = YES;
				CLANG_WARN_DIRECT_OBJC_ISA_USAGE = YES_ERROR;
				CLANG_WARN_EMPTY_BODY = YES;
				CLANG_WARN_ENUM_CONVERSION = YES;
				CLANG_WARN_INT_CONVERSION = YES;
				CLANG_WARN_OBJC_ROOT_CLASS = YES_ERROR;
				CLANG_WARN_UNREACHABLE_CODE = YES;
				CLANG_WARN__DUPLICATE_METHOD_MATCH = YES;
				"CODE_SIGN_IDENTITY[sdk=iphoneos*]" = "iPhone Developer";
				COPY_PHASE_STRIP = NO;
				DEBUG_INFORMATION_FORMAT = "dwarf-with-dsym";
				ENABLE_NS_ASSERTIONS = NO;
				ENABLE_STRICT_OBJC_MSGSEND = YES;
				GCC_C_LANGUAGE_STANDARD = gnu99;
				GCC_NO_COMMON_BLOCKS = YES;
				GCC_WARN_64_TO_32_BIT_CONVERSION = YES;
				GCC_WARN_ABOUT_RETURN_TYPE = YES_ERROR;
				GCC_WARN_UNDECLARED_SELECTOR = YES;
				GCC_WARN_UNINITIALIZED_AUTOS = YES_AGGRESSIVE;
				GCC_WARN_UNUSED_FUNCTION = YES;
				GCC_WARN_UNUSED_VARIABLE = YES;
				IPHONEOS_DEPLOYMENT_TARGET = 9.2;
				MTL_ENABLE_DEBUG_INFO = NO;
				SDKROOT = iphoneos;
				TARGETED_DEVICE_FAMILY = "1,2";
				VALIDATE_PRODUCT = YES;
			};
			name = Release;
		};
		C6504C611C5DBF64008938A1 /* Debug */ = {
			isa = XCBuildConfiguration;
			buildSettings = {
				ASSETCATALOG_COMPILER_APPICON_NAME = AppIcon;
				INFOPLIST_FILE = Weather/Info.plist;
				LD_RUNPATH_SEARCH_PATHS = "$(inherited) @executable_path/Frameworks";
				PRODUCT_BUNDLE_IDENTIFIER = ShenLijia.personal.Weather;
				PRODUCT_NAME = "$(TARGET_NAME)";
			};
			name = Debug;
		};
		C6504C621C5DBF64008938A1 /* Release */ = {
			isa = XCBuildConfiguration;
			buildSettings = {
				ASSETCATALOG_COMPILER_APPICON_NAME = AppIcon;
				INFOPLIST_FILE = Weather/Info.plist;
				LD_RUNPATH_SEARCH_PATHS = "$(inherited) @executable_path/Frameworks";
				PRODUCT_BUNDLE_IDENTIFIER = ShenLijia.personal.Weather;
				PRODUCT_NAME = "$(TARGET_NAME)";
			};
			name = Release;
		};
		C6504C641C5DBF64008938A1 /* Debug */ = {
			isa = XCBuildConfiguration;
			buildSettings = {
				BUNDLE_LOADER = "$(TEST_HOST)";
				INFOPLIST_FILE = WeatherTests/Info.plist;
				LD_RUNPATH_SEARCH_PATHS = "$(inherited) @executable_path/Frameworks @loader_path/Frameworks";
				PRODUCT_BUNDLE_IDENTIFIER = ShenLijia.personal.WeatherTests;
				PRODUCT_NAME = "$(TARGET_NAME)";
				TEST_HOST = "$(BUILT_PRODUCTS_DIR)/Weather.app/Weather";
			};
			name = Debug;
		};
		C6504C651C5DBF64008938A1 /* Release */ = {
			isa = XCBuildConfiguration;
			buildSettings = {
				BUNDLE_LOADER = "$(TEST_HOST)";
				INFOPLIST_FILE = WeatherTests/Info.plist;
				LD_RUNPATH_SEARCH_PATHS = "$(inherited) @executable_path/Frameworks @loader_path/Frameworks";
				PRODUCT_BUNDLE_IDENTIFIER = ShenLijia.personal.WeatherTests;
				PRODUCT_NAME = "$(TARGET_NAME)";
				TEST_HOST = "$(BUILT_PRODUCTS_DIR)/Weather.app/Weather";
			};
			name = Release;
		};
		C6504C671C5DBF64008938A1 /* Debug */ = {
			isa = XCBuildConfiguration;
			buildSettings = {
				INFOPLIST_FILE = WeatherUITests/Info.plist;
				LD_RUNPATH_SEARCH_PATHS = "$(inherited) @executable_path/Frameworks @loader_path/Frameworks";
				PRODUCT_BUNDLE_IDENTIFIER = ShenLijia.personal.WeatherUITests;
				PRODUCT_NAME = "$(TARGET_NAME)";
				TEST_TARGET_NAME = Weather;
				USES_XCTRUNNER = YES;
			};
			name = Debug;
		};
		C6504C681C5DBF64008938A1 /* Release */ = {
			isa = XCBuildConfiguration;
			buildSettings = {
				INFOPLIST_FILE = WeatherUITests/Info.plist;
				LD_RUNPATH_SEARCH_PATHS = "$(inherited) @executable_path/Frameworks @loader_path/Frameworks";
				PRODUCT_BUNDLE_IDENTIFIER = ShenLijia.personal.WeatherUITests;
				PRODUCT_NAME = "$(TARGET_NAME)";
				TEST_TARGET_NAME = Weather;
				USES_XCTRUNNER = YES;
			};
			name = Release;
		};
/* End XCBuildConfiguration section */

/* Begin XCConfigurationList section */
		C6504C331C5DBF64008938A1 /* Build configuration list for PBXProject "Weather" */ = {
			isa = XCConfigurationList;
			buildConfigurations = (
				C6504C5E1C5DBF64008938A1 /* Debug */,
				C6504C5F1C5DBF64008938A1 /* Release */,
			);
			defaultConfigurationIsVisible = 0;
			defaultConfigurationName = Release;
		};
		C6504C601C5DBF64008938A1 /* Build configuration list for PBXNativeTarget "Weather" */ = {
			isa = XCConfigurationList;
			buildConfigurations = (
				C6504C611C5DBF64008938A1 /* Debug */,
				C6504C621C5DBF64008938A1 /* Release */,
			);
			defaultConfigurationIsVisible = 0;
		};
		C6504C631C5DBF64008938A1 /* Build configuration list for PBXNativeTarget "WeatherTests" */ = {
			isa = XCConfigurationList;
			buildConfigurations = (
				C6504C641C5DBF64008938A1 /* Debug */,
				C6504C651C5DBF64008938A1 /* Release */,
			);
			defaultConfigurationIsVisible = 0;
		};
		C6504C661C5DBF64008938A1 /* Build configuration list for PBXNativeTarget "WeatherUITests" */ = {
			isa = XCConfigurationList;
			buildConfigurations = (
				C6504C671C5DBF64008938A1 /* Debug */,
				C6504C681C5DBF64008938A1 /* Release */,
			);
			defaultConfigurationIsVisible = 0;
		};
/* End XCConfigurationList section */
	};
	rootObject = C6504C301C5DBF64008938A1 /* Project object */;
}
